// !$*UTF8*$!
{
	archiveVersion = 1;
	classes = {
	};
	objectVersion = 55;
	objects = {

/* Begin PBXBuildFile section */
		43A5E4ECB995502EA775549E /* Pods_Fashiondr.framework in Frameworks */ = {isa = PBXBuildFile; fileRef = 76154EB767365C48C33321D4 /* Pods_Fashiondr.framework */; };
		452138423F60C6E94425AA6F /* Pods_Fashiondr_FashiondrUITests.framework in Frameworks */ = {isa = PBXBuildFile; fileRef = 36986CA7FCC311A348F23FFD /* Pods_Fashiondr_FashiondrUITests.framework */; };
		510AA5BD2803CAC10044AE95 /* AppDelegate.swift in Sources */ = {isa = PBXBuildFile; fileRef = 510AA5BC2803CAC10044AE95 /* AppDelegate.swift */; };
		510AA5BF2803CAC10044AE95 /* SceneDelegate.swift in Sources */ = {isa = PBXBuildFile; fileRef = 510AA5BE2803CAC10044AE95 /* SceneDelegate.swift */; };
		510AA5C12803CAC10044AE95 /* ViewController.swift in Sources */ = {isa = PBXBuildFile; fileRef = 510AA5C02803CAC10044AE95 /* ViewController.swift */; };
		510AA5C42803CAC10044AE95 /* Main.storyboard in Resources */ = {isa = PBXBuildFile; fileRef = 510AA5C22803CAC10044AE95 /* Main.storyboard */; };
		510AA5C62803CAC20044AE95 /* Assets.xcassets in Resources */ = {isa = PBXBuildFile; fileRef = 510AA5C52803CAC20044AE95 /* Assets.xcassets */; };
		510AA5C92803CAC20044AE95 /* LaunchScreen.storyboard in Resources */ = {isa = PBXBuildFile; fileRef = 510AA5C72803CAC20044AE95 /* LaunchScreen.storyboard */; };
		510AA5D42803CAC30044AE95 /* FashiondrTests.swift in Sources */ = {isa = PBXBuildFile; fileRef = 510AA5D32803CAC30044AE95 /* FashiondrTests.swift */; };
		510AA5DE2803CAC30044AE95 /* FashiondrUITests.swift in Sources */ = {isa = PBXBuildFile; fileRef = 510AA5DD2803CAC30044AE95 /* FashiondrUITests.swift */; };
		510AA5E02803CAC30044AE95 /* FashiondrUITestsLaunchTests.swift in Sources */ = {isa = PBXBuildFile; fileRef = 510AA5DF2803CAC30044AE95 /* FashiondrUITestsLaunchTests.swift */; };
		6AF3C5DB11C90E775966E1C0 /* Pods_FashiondrTests.framework in Frameworks */ = {isa = PBXBuildFile; fileRef = F194E0255B698A1E6FDD82E3 /* Pods_FashiondrTests.framework */; };
		BB4DEBDC281F53C300F2A344 /* HomeViewController.swift in Sources */ = {isa = PBXBuildFile; fileRef = BB4DEBDB281F53C300F2A344 /* HomeViewController.swift */; };
		BB70CCB628163A9700715786 /* LoginViewController.swift in Sources */ = {isa = PBXBuildFile; fileRef = BB70CCB528163A9700715786 /* LoginViewController.swift */; };
		BB94CD09281F79060091FB08 /* BrandViewController.swift in Sources */ = {isa = PBXBuildFile; fileRef = BB94CD08281F79060091FB08 /* BrandViewController.swift */; };
		BB94CD0B281F791D0091FB08 /* ChatViewController.swift in Sources */ = {isa = PBXBuildFile; fileRef = BB94CD0A281F791D0091FB08 /* ChatViewController.swift */; };
		BB94CD0D281FA1800091FB08 /* BrandGridCell.swift in Sources */ = {isa = PBXBuildFile; fileRef = BB94CD0C281FA1800091FB08 /* BrandGridCell.swift */; };
/* End PBXBuildFile section */

/* Begin PBXContainerItemProxy section */
		510AA5D02803CAC20044AE95 /* PBXContainerItemProxy */ = {
			isa = PBXContainerItemProxy;
			containerPortal = 510AA5B12803CAC10044AE95 /* Project object */;
			proxyType = 1;
			remoteGlobalIDString = 510AA5B82803CAC10044AE95;
			remoteInfo = Fashiondr;
		};
		510AA5DA2803CAC30044AE95 /* PBXContainerItemProxy */ = {
			isa = PBXContainerItemProxy;
			containerPortal = 510AA5B12803CAC10044AE95 /* Project object */;
			proxyType = 1;
			remoteGlobalIDString = 510AA5B82803CAC10044AE95;
			remoteInfo = Fashiondr;
		};
/* End PBXContainerItemProxy section */

/* Begin PBXFileReference section */
		153FF02225F13949CAD827BE /* Pods-FashiondrTests.debug.xcconfig */ = {isa = PBXFileReference; includeInIndex = 1; lastKnownFileType = text.xcconfig; name = "Pods-FashiondrTests.debug.xcconfig"; path = "Target Support Files/Pods-FashiondrTests/Pods-FashiondrTests.debug.xcconfig"; sourceTree = "<group>"; };
		2285B165B01861CD72D9264E /* Pods-Fashiondr.debug.xcconfig */ = {isa = PBXFileReference; includeInIndex = 1; lastKnownFileType = text.xcconfig; name = "Pods-Fashiondr.debug.xcconfig"; path = "Target Support Files/Pods-Fashiondr/Pods-Fashiondr.debug.xcconfig"; sourceTree = "<group>"; };
		36986CA7FCC311A348F23FFD /* Pods_Fashiondr_FashiondrUITests.framework */ = {isa = PBXFileReference; explicitFileType = wrapper.framework; includeInIndex = 0; path = Pods_Fashiondr_FashiondrUITests.framework; sourceTree = BUILT_PRODUCTS_DIR; };
		510AA5B92803CAC10044AE95 /* Fashiondr.app */ = {isa = PBXFileReference; explicitFileType = wrapper.application; includeInIndex = 0; path = Fashiondr.app; sourceTree = BUILT_PRODUCTS_DIR; };
		510AA5BC2803CAC10044AE95 /* AppDelegate.swift */ = {isa = PBXFileReference; lastKnownFileType = sourcecode.swift; path = AppDelegate.swift; sourceTree = "<group>"; };
		510AA5BE2803CAC10044AE95 /* SceneDelegate.swift */ = {isa = PBXFileReference; lastKnownFileType = sourcecode.swift; path = SceneDelegate.swift; sourceTree = "<group>"; };
		510AA5C02803CAC10044AE95 /* ViewController.swift */ = {isa = PBXFileReference; lastKnownFileType = sourcecode.swift; path = ViewController.swift; sourceTree = "<group>"; };
		510AA5C32803CAC10044AE95 /* Base */ = {isa = PBXFileReference; lastKnownFileType = file.storyboard; name = Base; path = Base.lproj/Main.storyboard; sourceTree = "<group>"; };
		510AA5C52803CAC20044AE95 /* Assets.xcassets */ = {isa = PBXFileReference; lastKnownFileType = folder.assetcatalog; path = Assets.xcassets; sourceTree = "<group>"; };
		510AA5C82803CAC20044AE95 /* Base */ = {isa = PBXFileReference; lastKnownFileType = file.storyboard; name = Base; path = Base.lproj/LaunchScreen.storyboard; sourceTree = "<group>"; };
		510AA5CA2803CAC20044AE95 /* Info.plist */ = {isa = PBXFileReference; lastKnownFileType = text.plist.xml; path = Info.plist; sourceTree = "<group>"; };
		510AA5CF2803CAC20044AE95 /* FashiondrTests.xctest */ = {isa = PBXFileReference; explicitFileType = wrapper.cfbundle; includeInIndex = 0; path = FashiondrTests.xctest; sourceTree = BUILT_PRODUCTS_DIR; };
		510AA5D32803CAC30044AE95 /* FashiondrTests.swift */ = {isa = PBXFileReference; lastKnownFileType = sourcecode.swift; path = FashiondrTests.swift; sourceTree = "<group>"; };
		510AA5D92803CAC30044AE95 /* FashiondrUITests.xctest */ = {isa = PBXFileReference; explicitFileType = wrapper.cfbundle; includeInIndex = 0; path = FashiondrUITests.xctest; sourceTree = BUILT_PRODUCTS_DIR; };
		510AA5DD2803CAC30044AE95 /* FashiondrUITests.swift */ = {isa = PBXFileReference; lastKnownFileType = sourcecode.swift; path = FashiondrUITests.swift; sourceTree = "<group>"; };
		510AA5DF2803CAC30044AE95 /* FashiondrUITestsLaunchTests.swift */ = {isa = PBXFileReference; lastKnownFileType = sourcecode.swift; path = FashiondrUITestsLaunchTests.swift; sourceTree = "<group>"; };
		6188AD1190B6644BB1C58265 /* Pods-Fashiondr-FashiondrUITests.debug.xcconfig */ = {isa = PBXFileReference; includeInIndex = 1; lastKnownFileType = text.xcconfig; name = "Pods-Fashiondr-FashiondrUITests.debug.xcconfig"; path = "Target Support Files/Pods-Fashiondr-FashiondrUITests/Pods-Fashiondr-FashiondrUITests.debug.xcconfig"; sourceTree = "<group>"; };
		76154EB767365C48C33321D4 /* Pods_Fashiondr.framework */ = {isa = PBXFileReference; explicitFileType = wrapper.framework; includeInIndex = 0; path = Pods_Fashiondr.framework; sourceTree = BUILT_PRODUCTS_DIR; };
		93BC36DA36549D05D5EF47BF /* Pods-Fashiondr-FashiondrUITests.release.xcconfig */ = {isa = PBXFileReference; includeInIndex = 1; lastKnownFileType = text.xcconfig; name = "Pods-Fashiondr-FashiondrUITests.release.xcconfig"; path = "Target Support Files/Pods-Fashiondr-FashiondrUITests/Pods-Fashiondr-FashiondrUITests.release.xcconfig"; sourceTree = "<group>"; };
		AD32EC3A1FDAB63C8E08A10A /* Pods-Fashiondr.release.xcconfig */ = {isa = PBXFileReference; includeInIndex = 1; lastKnownFileType = text.xcconfig; name = "Pods-Fashiondr.release.xcconfig"; path = "Target Support Files/Pods-Fashiondr/Pods-Fashiondr.release.xcconfig"; sourceTree = "<group>"; };
		BB4DEBDB281F53C300F2A344 /* HomeViewController.swift */ = {isa = PBXFileReference; lastKnownFileType = sourcecode.swift; path = HomeViewController.swift; sourceTree = "<group>"; };
		BB70CCB528163A9700715786 /* LoginViewController.swift */ = {isa = PBXFileReference; lastKnownFileType = sourcecode.swift; path = LoginViewController.swift; sourceTree = "<group>"; };
		BB94CD08281F79060091FB08 /* BrandViewController.swift */ = {isa = PBXFileReference; lastKnownFileType = sourcecode.swift; path = BrandViewController.swift; sourceTree = "<group>"; };
		BB94CD0A281F791D0091FB08 /* ChatViewController.swift */ = {isa = PBXFileReference; lastKnownFileType = sourcecode.swift; path = ChatViewController.swift; sourceTree = "<group>"; };
		BB94CD0C281FA1800091FB08 /* BrandGridCell.swift */ = {isa = PBXFileReference; lastKnownFileType = sourcecode.swift; path = BrandGridCell.swift; sourceTree = "<group>"; };
		C857805D7286C0B977244619 /* Pods-FashiondrTests.release.xcconfig */ = {isa = PBXFileReference; includeInIndex = 1; lastKnownFileType = text.xcconfig; name = "Pods-FashiondrTests.release.xcconfig"; path = "Target Support Files/Pods-FashiondrTests/Pods-FashiondrTests.release.xcconfig"; sourceTree = "<group>"; };
		F194E0255B698A1E6FDD82E3 /* Pods_FashiondrTests.framework */ = {isa = PBXFileReference; explicitFileType = wrapper.framework; includeInIndex = 0; path = Pods_FashiondrTests.framework; sourceTree = BUILT_PRODUCTS_DIR; };
/* End PBXFileReference section */

/* Begin PBXFrameworksBuildPhase section */
		510AA5B62803CAC10044AE95 /* Frameworks */ = {
			isa = PBXFrameworksBuildPhase;
			buildActionMask = 2147483647;
			files = (
				43A5E4ECB995502EA775549E /* Pods_Fashiondr.framework in Frameworks */,
			);
			runOnlyForDeploymentPostprocessing = 0;
		};
		510AA5CC2803CAC20044AE95 /* Frameworks */ = {
			isa = PBXFrameworksBuildPhase;
			buildActionMask = 2147483647;
			files = (
				6AF3C5DB11C90E775966E1C0 /* Pods_FashiondrTests.framework in Frameworks */,
			);
			runOnlyForDeploymentPostprocessing = 0;
		};
		510AA5D62803CAC30044AE95 /* Frameworks */ = {
			isa = PBXFrameworksBuildPhase;
			buildActionMask = 2147483647;
			files = (
				452138423F60C6E94425AA6F /* Pods_Fashiondr_FashiondrUITests.framework in Frameworks */,
			);
			runOnlyForDeploymentPostprocessing = 0;
		};
/* End PBXFrameworksBuildPhase section */

/* Begin PBXGroup section */
		2BAC4836E3890D94FC9B3A45 /* Frameworks */ = {
			isa = PBXGroup;
			children = (
				76154EB767365C48C33321D4 /* Pods_Fashiondr.framework */,
				36986CA7FCC311A348F23FFD /* Pods_Fashiondr_FashiondrUITests.framework */,
				F194E0255B698A1E6FDD82E3 /* Pods_FashiondrTests.framework */,
			);
			name = Frameworks;
			sourceTree = "<group>";
		};
		510AA5B02803CAC10044AE95 = {
			isa = PBXGroup;
			children = (
				510AA5BB2803CAC10044AE95 /* Fashiondr */,
				510AA5D22803CAC30044AE95 /* FashiondrTests */,
				510AA5DC2803CAC30044AE95 /* FashiondrUITests */,
				510AA5BA2803CAC10044AE95 /* Products */,
				9C9FB984AAA127A23352F6BB /* Pods */,
				2BAC4836E3890D94FC9B3A45 /* Frameworks */,
			);
			sourceTree = "<group>";
		};
		510AA5BA2803CAC10044AE95 /* Products */ = {
			isa = PBXGroup;
			children = (
				510AA5B92803CAC10044AE95 /* Fashiondr.app */,
				510AA5CF2803CAC20044AE95 /* FashiondrTests.xctest */,
				510AA5D92803CAC30044AE95 /* FashiondrUITests.xctest */,
			);
			name = Products;
			sourceTree = "<group>";
		};
		510AA5BB2803CAC10044AE95 /* Fashiondr */ = {
			isa = PBXGroup;
			children = (
				510AA5BC2803CAC10044AE95 /* AppDelegate.swift */,
				510AA5BE2803CAC10044AE95 /* SceneDelegate.swift */,
				510AA5C02803CAC10044AE95 /* ViewController.swift */,
				510AA5C22803CAC10044AE95 /* Main.storyboard */,
				510AA5C52803CAC20044AE95 /* Assets.xcassets */,
				510AA5C72803CAC20044AE95 /* LaunchScreen.storyboard */,
				510AA5CA2803CAC20044AE95 /* Info.plist */,
				BB70CCB528163A9700715786 /* LoginViewController.swift */,
				BB4DEBDB281F53C300F2A344 /* HomeViewController.swift */,
				BB94CD08281F79060091FB08 /* BrandViewController.swift */,
				BB94CD0A281F791D0091FB08 /* ChatViewController.swift */,
				BB94CD0C281FA1800091FB08 /* BrandGridCell.swift */,
			);
			path = Fashiondr;
			sourceTree = "<group>";
		};
		510AA5D22803CAC30044AE95 /* FashiondrTests */ = {
			isa = PBXGroup;
			children = (
				510AA5D32803CAC30044AE95 /* FashiondrTests.swift */,
			);
			path = FashiondrTests;
			sourceTree = "<group>";
		};
		510AA5DC2803CAC30044AE95 /* FashiondrUITests */ = {
			isa = PBXGroup;
			children = (
				510AA5DD2803CAC30044AE95 /* FashiondrUITests.swift */,
				510AA5DF2803CAC30044AE95 /* FashiondrUITestsLaunchTests.swift */,
			);
			path = FashiondrUITests;
			sourceTree = "<group>";
		};
		9C9FB984AAA127A23352F6BB /* Pods */ = {
			isa = PBXGroup;
			children = (
				2285B165B01861CD72D9264E /* Pods-Fashiondr.debug.xcconfig */,
				AD32EC3A1FDAB63C8E08A10A /* Pods-Fashiondr.release.xcconfig */,
				6188AD1190B6644BB1C58265 /* Pods-Fashiondr-FashiondrUITests.debug.xcconfig */,
				93BC36DA36549D05D5EF47BF /* Pods-Fashiondr-FashiondrUITests.release.xcconfig */,
				153FF02225F13949CAD827BE /* Pods-FashiondrTests.debug.xcconfig */,
				C857805D7286C0B977244619 /* Pods-FashiondrTests.release.xcconfig */,
			);
			path = Pods;
			sourceTree = "<group>";
		};
/* End PBXGroup section */

/* Begin PBXNativeTarget section */
		510AA5B82803CAC10044AE95 /* Fashiondr */ = {
			isa = PBXNativeTarget;
			buildConfigurationList = 510AA5E32803CAC30044AE95 /* Build configuration list for PBXNativeTarget "Fashiondr" */;
			buildPhases = (
				AABCBD585A561FB7D470063F /* [CP] Check Pods Manifest.lock */,
				510AA5B52803CAC10044AE95 /* Sources */,
				510AA5B62803CAC10044AE95 /* Frameworks */,
				510AA5B72803CAC10044AE95 /* Resources */,
				A7C7209533D2D87FBC5C45A5 /* [CP] Embed Pods Frameworks */,
			);
			buildRules = (
			);
			dependencies = (
			);
			name = Fashiondr;
			productName = Fashiondr;
			productReference = 510AA5B92803CAC10044AE95 /* Fashiondr.app */;
			productType = "com.apple.product-type.application";
		};
		510AA5CE2803CAC20044AE95 /* FashiondrTests */ = {
			isa = PBXNativeTarget;
			buildConfigurationList = 510AA5E62803CAC30044AE95 /* Build configuration list for PBXNativeTarget "FashiondrTests" */;
			buildPhases = (
				6BD92C65A88D680C0E354FBF /* [CP] Check Pods Manifest.lock */,
				510AA5CB2803CAC20044AE95 /* Sources */,
				510AA5CC2803CAC20044AE95 /* Frameworks */,
				510AA5CD2803CAC20044AE95 /* Resources */,
			);
			buildRules = (
			);
			dependencies = (
				510AA5D12803CAC20044AE95 /* PBXTargetDependency */,
			);
			name = FashiondrTests;
			productName = FashiondrTests;
			productReference = 510AA5CF2803CAC20044AE95 /* FashiondrTests.xctest */;
			productType = "com.apple.product-type.bundle.unit-test";
		};
		510AA5D82803CAC30044AE95 /* FashiondrUITests */ = {
			isa = PBXNativeTarget;
			buildConfigurationList = 510AA5E92803CAC30044AE95 /* Build configuration list for PBXNativeTarget "FashiondrUITests" */;
			buildPhases = (
				B1DD4233BEED92AE97595004 /* [CP] Check Pods Manifest.lock */,
				510AA5D52803CAC30044AE95 /* Sources */,
				510AA5D62803CAC30044AE95 /* Frameworks */,
				510AA5D72803CAC30044AE95 /* Resources */,
				5AFA905636483B64E1159CEF /* [CP] Embed Pods Frameworks */,
			);
			buildRules = (
			);
			dependencies = (
				510AA5DB2803CAC30044AE95 /* PBXTargetDependency */,
			);
			name = FashiondrUITests;
			productName = FashiondrUITests;
			productReference = 510AA5D92803CAC30044AE95 /* FashiondrUITests.xctest */;
			productType = "com.apple.product-type.bundle.ui-testing";
		};
/* End PBXNativeTarget section */

/* Begin PBXProject section */
		510AA5B12803CAC10044AE95 /* Project object */ = {
			isa = PBXProject;
			attributes = {
				BuildIndependentTargetsInParallel = 1;
				LastSwiftUpdateCheck = 1320;
				LastUpgradeCheck = 1320;
				TargetAttributes = {
					510AA5B82803CAC10044AE95 = {
						CreatedOnToolsVersion = 13.2.1;
					};
					510AA5CE2803CAC20044AE95 = {
						CreatedOnToolsVersion = 13.2.1;
						TestTargetID = 510AA5B82803CAC10044AE95;
					};
					510AA5D82803CAC30044AE95 = {
						CreatedOnToolsVersion = 13.2.1;
						TestTargetID = 510AA5B82803CAC10044AE95;
					};
				};
			};
			buildConfigurationList = 510AA5B42803CAC10044AE95 /* Build configuration list for PBXProject "Fashiondr" */;
			compatibilityVersion = "Xcode 13.0";
			developmentRegion = en;
			hasScannedForEncodings = 0;
			knownRegions = (
				en,
				Base,
			);
			mainGroup = 510AA5B02803CAC10044AE95;
			productRefGroup = 510AA5BA2803CAC10044AE95 /* Products */;
			projectDirPath = "";
			projectRoot = "";
			targets = (
				510AA5B82803CAC10044AE95 /* Fashiondr */,
				510AA5CE2803CAC20044AE95 /* FashiondrTests */,
				510AA5D82803CAC30044AE95 /* FashiondrUITests */,
			);
		};
/* End PBXProject section */

/* Begin PBXResourcesBuildPhase section */
		510AA5B72803CAC10044AE95 /* Resources */ = {
			isa = PBXResourcesBuildPhase;
			buildActionMask = 2147483647;
			files = (
				510AA5C92803CAC20044AE95 /* LaunchScreen.storyboard in Resources */,
				510AA5C62803CAC20044AE95 /* Assets.xcassets in Resources */,
				510AA5C42803CAC10044AE95 /* Main.storyboard in Resources */,
			);
			runOnlyForDeploymentPostprocessing = 0;
		};
		510AA5CD2803CAC20044AE95 /* Resources */ = {
			isa = PBXResourcesBuildPhase;
			buildActionMask = 2147483647;
			files = (
			);
			runOnlyForDeploymentPostprocessing = 0;
		};
		510AA5D72803CAC30044AE95 /* Resources */ = {
			isa = PBXResourcesBuildPhase;
			buildActionMask = 2147483647;
			files = (
			);
			runOnlyForDeploymentPostprocessing = 0;
		};
/* End PBXResourcesBuildPhase section */

/* Begin PBXShellScriptBuildPhase section */
		5AFA905636483B64E1159CEF /* [CP] Embed Pods Frameworks */ = {
			isa = PBXShellScriptBuildPhase;
			buildActionMask = 2147483647;
			files = (
			);
			inputFileListPaths = (
				"${PODS_ROOT}/Target Support Files/Pods-Fashiondr-FashiondrUITests/Pods-Fashiondr-FashiondrUITests-frameworks-${CONFIGURATION}-input-files.xcfilelist",
			);
			name = "[CP] Embed Pods Frameworks";
			outputFileListPaths = (
				"${PODS_ROOT}/Target Support Files/Pods-Fashiondr-FashiondrUITests/Pods-Fashiondr-FashiondrUITests-frameworks-${CONFIGURATION}-output-files.xcfilelist",
			);
			runOnlyForDeploymentPostprocessing = 0;
			shellPath = /bin/sh;
			shellScript = "\"${PODS_ROOT}/Target Support Files/Pods-Fashiondr-FashiondrUITests/Pods-Fashiondr-FashiondrUITests-frameworks.sh\"\n";
			showEnvVarsInLog = 0;
		};
		6BD92C65A88D680C0E354FBF /* [CP] Check Pods Manifest.lock */ = {
			isa = PBXShellScriptBuildPhase;
			buildActionMask = 2147483647;
			files = (
			);
			inputFileListPaths = (
			);
			inputPaths = (
				"${PODS_PODFILE_DIR_PATH}/Podfile.lock",
				"${PODS_ROOT}/Manifest.lock",
			);
			name = "[CP] Check Pods Manifest.lock";
			outputFileListPaths = (
			);
			outputPaths = (
				"$(DERIVED_FILE_DIR)/Pods-FashiondrTests-checkManifestLockResult.txt",
			);
			runOnlyForDeploymentPostprocessing = 0;
			shellPath = /bin/sh;
			shellScript = "diff \"${PODS_PODFILE_DIR_PATH}/Podfile.lock\" \"${PODS_ROOT}/Manifest.lock\" > /dev/null\nif [ $? != 0 ] ; then\n    # print error to STDERR\n    echo \"error: The sandbox is not in sync with the Podfile.lock. Run 'pod install' or update your CocoaPods installation.\" >&2\n    exit 1\nfi\n# This output is used by Xcode 'outputs' to avoid re-running this script phase.\necho \"SUCCESS\" > \"${SCRIPT_OUTPUT_FILE_0}\"\n";
			showEnvVarsInLog = 0;
		};
		A7C7209533D2D87FBC5C45A5 /* [CP] Embed Pods Frameworks */ = {
			isa = PBXShellScriptBuildPhase;
			buildActionMask = 2147483647;
			files = (
			);
			inputFileListPaths = (
				"${PODS_ROOT}/Target Support Files/Pods-Fashiondr/Pods-Fashiondr-frameworks-${CONFIGURATION}-input-files.xcfilelist",
			);
			name = "[CP] Embed Pods Frameworks";
			outputFileListPaths = (
				"${PODS_ROOT}/Target Support Files/Pods-Fashiondr/Pods-Fashiondr-frameworks-${CONFIGURATION}-output-files.xcfilelist",
			);
			runOnlyForDeploymentPostprocessing = 0;
			shellPath = /bin/sh;
			shellScript = "\"${PODS_ROOT}/Target Support Files/Pods-Fashiondr/Pods-Fashiondr-frameworks.sh\"\n";
			showEnvVarsInLog = 0;
		};
		AABCBD585A561FB7D470063F /* [CP] Check Pods Manifest.lock */ = {
			isa = PBXShellScriptBuildPhase;
			buildActionMask = 2147483647;
			files = (
			);
			inputFileListPaths = (
			);
			inputPaths = (
				"${PODS_PODFILE_DIR_PATH}/Podfile.lock",
				"${PODS_ROOT}/Manifest.lock",
			);
			name = "[CP] Check Pods Manifest.lock";
			outputFileListPaths = (
			);
			outputPaths = (
				"$(DERIVED_FILE_DIR)/Pods-Fashiondr-checkManifestLockResult.txt",
			);
			runOnlyForDeploymentPostprocessing = 0;
			shellPath = /bin/sh;
			shellScript = "diff \"${PODS_PODFILE_DIR_PATH}/Podfile.lock\" \"${PODS_ROOT}/Manifest.lock\" > /dev/null\nif [ $? != 0 ] ; then\n    # print error to STDERR\n    echo \"error: The sandbox is not in sync with the Podfile.lock. Run 'pod install' or update your CocoaPods installation.\" >&2\n    exit 1\nfi\n# This output is used by Xcode 'outputs' to avoid re-running this script phase.\necho \"SUCCESS\" > \"${SCRIPT_OUTPUT_FILE_0}\"\n";
			showEnvVarsInLog = 0;
		};
		B1DD4233BEED92AE97595004 /* [CP] Check Pods Manifest.lock */ = {
			isa = PBXShellScriptBuildPhase;
			buildActionMask = 2147483647;
			files = (
			);
			inputFileListPaths = (
			);
			inputPaths = (
				"${PODS_PODFILE_DIR_PATH}/Podfile.lock",
				"${PODS_ROOT}/Manifest.lock",
			);
			name = "[CP] Check Pods Manifest.lock";
			outputFileListPaths = (
			);
			outputPaths = (
				"$(DERIVED_FILE_DIR)/Pods-Fashiondr-FashiondrUITests-checkManifestLockResult.txt",
			);
			runOnlyForDeploymentPostprocessing = 0;
			shellPath = /bin/sh;
			shellScript = "diff \"${PODS_PODFILE_DIR_PATH}/Podfile.lock\" \"${PODS_ROOT}/Manifest.lock\" > /dev/null\nif [ $? != 0 ] ; then\n    # print error to STDERR\n    echo \"error: The sandbox is not in sync with the Podfile.lock. Run 'pod install' or update your CocoaPods installation.\" >&2\n    exit 1\nfi\n# This output is used by Xcode 'outputs' to avoid re-running this script phase.\necho \"SUCCESS\" > \"${SCRIPT_OUTPUT_FILE_0}\"\n";
			showEnvVarsInLog = 0;
		};
/* End PBXShellScriptBuildPhase section */

/* Begin PBXSourcesBuildPhase section */
		510AA5B52803CAC10044AE95 /* Sources */ = {
			isa = PBXSourcesBuildPhase;
			buildActionMask = 2147483647;
			files = (
				BB94CD09281F79060091FB08 /* BrandViewController.swift in Sources */,
				BB94CD0B281F791D0091FB08 /* ChatViewController.swift in Sources */,
				BB4DEBDC281F53C300F2A344 /* HomeViewController.swift in Sources */,
				BB94CD0D281FA1800091FB08 /* BrandGridCell.swift in Sources */,
				BB70CCB628163A9700715786 /* LoginViewController.swift in Sources */,
				510AA5C12803CAC10044AE95 /* ViewController.swift in Sources */,
				510AA5BD2803CAC10044AE95 /* AppDelegate.swift in Sources */,
				510AA5BF2803CAC10044AE95 /* SceneDelegate.swift in Sources */,
			);
			runOnlyForDeploymentPostprocessing = 0;
		};
		510AA5CB2803CAC20044AE95 /* Sources */ = {
			isa = PBXSourcesBuildPhase;
			buildActionMask = 2147483647;
			files = (
				510AA5D42803CAC30044AE95 /* FashiondrTests.swift in Sources */,
			);
			runOnlyForDeploymentPostprocessing = 0;
		};
		510AA5D52803CAC30044AE95 /* Sources */ = {
			isa = PBXSourcesBuildPhase;
			buildActionMask = 2147483647;
			files = (
				510AA5DE2803CAC30044AE95 /* FashiondrUITests.swift in Sources */,
				510AA5E02803CAC30044AE95 /* FashiondrUITestsLaunchTests.swift in Sources */,
			);
			runOnlyForDeploymentPostprocessing = 0;
		};
/* End PBXSourcesBuildPhase section */

/* Begin PBXTargetDependency section */
		510AA5D12803CAC20044AE95 /* PBXTargetDependency */ = {
			isa = PBXTargetDependency;
			target = 510AA5B82803CAC10044AE95 /* Fashiondr */;
			targetProxy = 510AA5D02803CAC20044AE95 /* PBXContainerItemProxy */;
		};
		510AA5DB2803CAC30044AE95 /* PBXTargetDependency */ = {
			isa = PBXTargetDependency;
			target = 510AA5B82803CAC10044AE95 /* Fashiondr */;
			targetProxy = 510AA5DA2803CAC30044AE95 /* PBXContainerItemProxy */;
		};
/* End PBXTargetDependency section */

/* Begin PBXVariantGroup section */
		510AA5C22803CAC10044AE95 /* Main.storyboard */ = {
			isa = PBXVariantGroup;
			children = (
				510AA5C32803CAC10044AE95 /* Base */,
			);
			name = Main.storyboard;
			sourceTree = "<group>";
		};
		510AA5C72803CAC20044AE95 /* LaunchScreen.storyboard */ = {
			isa = PBXVariantGroup;
			children = (
				510AA5C82803CAC20044AE95 /* Base */,
			);
			name = LaunchScreen.storyboard;
			sourceTree = "<group>";
		};
/* End PBXVariantGroup section */

/* Begin XCBuildConfiguration section */
		510AA5E12803CAC30044AE95 /* Debug */ = {
			isa = XCBuildConfiguration;
			buildSettings = {
				ALWAYS_SEARCH_USER_PATHS = NO;
				CLANG_ANALYZER_NONNULL = YES;
				CLANG_ANALYZER_NUMBER_OBJECT_CONVERSION = YES_AGGRESSIVE;
				CLANG_CXX_LANGUAGE_STANDARD = "gnu++17";
				CLANG_CXX_LIBRARY = "libc++";
				CLANG_ENABLE_MODULES = YES;
				CLANG_ENABLE_OBJC_ARC = YES;
				CLANG_ENABLE_OBJC_WEAK = YES;
				CLANG_WARN_BLOCK_CAPTURE_AUTORELEASING = YES;
				CLANG_WARN_BOOL_CONVERSION = YES;
				CLANG_WARN_COMMA = YES;
				CLANG_WARN_CONSTANT_CONVERSION = YES;
				CLANG_WARN_DEPRECATED_OBJC_IMPLEMENTATIONS = YES;
				CLANG_WARN_DIRECT_OBJC_ISA_USAGE = YES_ERROR;
				CLANG_WARN_DOCUMENTATION_COMMENTS = YES;
				CLANG_WARN_EMPTY_BODY = YES;
				CLANG_WARN_ENUM_CONVERSION = YES;
				CLANG_WARN_INFINITE_RECURSION = YES;
				CLANG_WARN_INT_CONVERSION = YES;
				CLANG_WARN_NON_LITERAL_NULL_CONVERSION = YES;
				CLANG_WARN_OBJC_IMPLICIT_RETAIN_SELF = YES;
				CLANG_WARN_OBJC_LITERAL_CONVERSION = YES;
				CLANG_WARN_OBJC_ROOT_CLASS = YES_ERROR;
				CLANG_WARN_QUOTED_INCLUDE_IN_FRAMEWORK_HEADER = YES;
				CLANG_WARN_RANGE_LOOP_ANALYSIS = YES;
				CLANG_WARN_STRICT_PROTOTYPES = YES;
				CLANG_WARN_SUSPICIOUS_MOVE = YES;
				CLANG_WARN_UNGUARDED_AVAILABILITY = YES_AGGRESSIVE;
				CLANG_WARN_UNREACHABLE_CODE = YES;
				CLANG_WARN__DUPLICATE_METHOD_MATCH = YES;
				COPY_PHASE_STRIP = NO;
				DEBUG_INFORMATION_FORMAT = dwarf;
				ENABLE_STRICT_OBJC_MSGSEND = YES;
				ENABLE_TESTABILITY = YES;
				GCC_C_LANGUAGE_STANDARD = gnu11;
				GCC_DYNAMIC_NO_PIC = NO;
				GCC_NO_COMMON_BLOCKS = YES;
				GCC_OPTIMIZATION_LEVEL = 0;
				GCC_PREPROCESSOR_DEFINITIONS = (
					"DEBUG=1",
					"$(inherited)",
				);
				GCC_WARN_64_TO_32_BIT_CONVERSION = YES;
				GCC_WARN_ABOUT_RETURN_TYPE = YES_ERROR;
				GCC_WARN_UNDECLARED_SELECTOR = YES;
				GCC_WARN_UNINITIALIZED_AUTOS = YES_AGGRESSIVE;
				GCC_WARN_UNUSED_FUNCTION = YES;
				GCC_WARN_UNUSED_VARIABLE = YES;
				IPHONEOS_DEPLOYMENT_TARGET = 15.2;
				MTL_ENABLE_DEBUG_INFO = INCLUDE_SOURCE;
				MTL_FAST_MATH = YES;
				ONLY_ACTIVE_ARCH = YES;
				SDKROOT = iphoneos;
				SWIFT_ACTIVE_COMPILATION_CONDITIONS = DEBUG;
				SWIFT_OPTIMIZATION_LEVEL = "-Onone";
			};
			name = Debug;
		};
		510AA5E22803CAC30044AE95 /* Release */ = {
			isa = XCBuildConfiguration;
			buildSettings = {
				ALWAYS_SEARCH_USER_PATHS = NO;
				CLANG_ANALYZER_NONNULL = YES;
				CLANG_ANALYZER_NUMBER_OBJECT_CONVERSION = YES_AGGRESSIVE;
				CLANG_CXX_LANGUAGE_STANDARD = "gnu++17";
				CLANG_CXX_LIBRARY = "libc++";
				CLANG_ENABLE_MODULES = YES;
				CLANG_ENABLE_OBJC_ARC = YES;
				CLANG_ENABLE_OBJC_WEAK = YES;
				CLANG_WARN_BLOCK_CAPTURE_AUTORELEASING = YES;
				CLANG_WARN_BOOL_CONVERSION = YES;
				CLANG_WARN_COMMA = YES;
				CLANG_WARN_CONSTANT_CONVERSION = YES;
				CLANG_WARN_DEPRECATED_OBJC_IMPLEMENTATIONS = YES;
				CLANG_WARN_DIRECT_OBJC_ISA_USAGE = YES_ERROR;
				CLANG_WARN_DOCUMENTATION_COMMENTS = YES;
				CLANG_WARN_EMPTY_BODY = YES;
				CLANG_WARN_ENUM_CONVERSION = YES;
				CLANG_WARN_INFINITE_RECURSION = YES;
				CLANG_WARN_INT_CONVERSION = YES;
				CLANG_WARN_NON_LITERAL_NULL_CONVERSION = YES;
				CLANG_WARN_OBJC_IMPLICIT_RETAIN_SELF = YES;
				CLANG_WARN_OBJC_LITERAL_CONVERSION = YES;
				CLANG_WARN_OBJC_ROOT_CLASS = YES_ERROR;
				CLANG_WARN_QUOTED_INCLUDE_IN_FRAMEWORK_HEADER = YES;
				CLANG_WARN_RANGE_LOOP_ANALYSIS = YES;
				CLANG_WARN_STRICT_PROTOTYPES = YES;
				CLANG_WARN_SUSPICIOUS_MOVE = YES;
				CLANG_WARN_UNGUARDED_AVAILABILITY = YES_AGGRESSIVE;
				CLANG_WARN_UNREACHABLE_CODE = YES;
				CLANG_WARN__DUPLICATE_METHOD_MATCH = YES;
				COPY_PHASE_STRIP = NO;
				DEBUG_INFORMATION_FORMAT = "dwarf-with-dsym";
				ENABLE_NS_ASSERTIONS = NO;
				ENABLE_STRICT_OBJC_MSGSEND = YES;
				GCC_C_LANGUAGE_STANDARD = gnu11;
				GCC_NO_COMMON_BLOCKS = YES;
				GCC_WARN_64_TO_32_BIT_CONVERSION = YES;
				GCC_WARN_ABOUT_RETURN_TYPE = YES_ERROR;
				GCC_WARN_UNDECLARED_SELECTOR = YES;
				GCC_WARN_UNINITIALIZED_AUTOS = YES_AGGRESSIVE;
				GCC_WARN_UNUSED_FUNCTION = YES;
				GCC_WARN_UNUSED_VARIABLE = YES;
				IPHONEOS_DEPLOYMENT_TARGET = 15.2;
				MTL_ENABLE_DEBUG_INFO = NO;
				MTL_FAST_MATH = YES;
				SDKROOT = iphoneos;
				SWIFT_COMPILATION_MODE = wholemodule;
				SWIFT_OPTIMIZATION_LEVEL = "-O";
				VALIDATE_PRODUCT = YES;
			};
			name = Release;
		};
		510AA5E42803CAC30044AE95 /* Debug */ = {
			isa = XCBuildConfiguration;
			baseConfigurationReference = 2285B165B01861CD72D9264E /* Pods-Fashiondr.debug.xcconfig */;
			buildSettings = {
				ASSETCATALOG_COMPILER_APPICON_NAME = AppIcon;
				ASSETCATALOG_COMPILER_GLOBAL_ACCENT_COLOR_NAME = AccentColor;
				CODE_SIGN_STYLE = Automatic;
				CURRENT_PROJECT_VERSION = 1;
				DEVELOPMENT_TEAM = QPZRHW475F;
				GENERATE_INFOPLIST_FILE = YES;
				INFOPLIST_FILE = Fashiondr/Info.plist;
				INFOPLIST_KEY_UIApplicationSupportsIndirectInputEvents = YES;
				INFOPLIST_KEY_UILaunchStoryboardName = LaunchScreen;
				INFOPLIST_KEY_UIMainStoryboardFile = Main;
				INFOPLIST_KEY_UISupportedInterfaceOrientations_iPad = "UIInterfaceOrientationPortrait UIInterfaceOrientationPortraitUpsideDown UIInterfaceOrientationLandscapeLeft UIInterfaceOrientationLandscapeRight";
				INFOPLIST_KEY_UISupportedInterfaceOrientations_iPhone = "UIInterfaceOrientationPortrait UIInterfaceOrientationLandscapeLeft UIInterfaceOrientationLandscapeRight";
				LD_RUNPATH_SEARCH_PATHS = (
					"$(inherited)",
					"@executable_path/Frameworks",
				);
				MARKETING_VERSION = 1.0;
				PRODUCT_BUNDLE_IDENTIFIER = com.codepath.Fashiondr;
				PRODUCT_NAME = "$(TARGET_NAME)";
				SWIFT_EMIT_LOC_STRINGS = YES;
				SWIFT_VERSION = 5.0;
				TARGETED_DEVICE_FAMILY = "1,2";
			};
			name = Debug;
		};
		510AA5E52803CAC30044AE95 /* Release */ = {
			isa = XCBuildConfiguration;
			baseConfigurationReference = AD32EC3A1FDAB63C8E08A10A /* Pods-Fashiondr.release.xcconfig */;
			buildSettings = {
				ASSETCATALOG_COMPILER_APPICON_NAME = AppIcon;
				ASSETCATALOG_COMPILER_GLOBAL_ACCENT_COLOR_NAME = AccentColor;
				CODE_SIGN_STYLE = Automatic;
				CURRENT_PROJECT_VERSION = 1;
				DEVELOPMENT_TEAM = QPZRHW475F;
				GENERATE_INFOPLIST_FILE = YES;
				INFOPLIST_FILE = Fashiondr/Info.plist;
				INFOPLIST_KEY_UIApplicationSupportsIndirectInputEvents = YES;
				INFOPLIST_KEY_UILaunchStoryboardName = LaunchScreen;
				INFOPLIST_KEY_UIMainStoryboardFile = Main;
				INFOPLIST_KEY_UISupportedInterfaceOrientations_iPad = "UIInterfaceOrientationPortrait UIInterfaceOrientationPortraitUpsideDown UIInterfaceOrientationLandscapeLeft UIInterfaceOrientationLandscapeRight";
				INFOPLIST_KEY_UISupportedInterfaceOrientations_iPhone = "UIInterfaceOrientationPortrait UIInterfaceOrientationLandscapeLeft UIInterfaceOrientationLandscapeRight";
				LD_RUNPATH_SEARCH_PATHS = (
					"$(inherited)",
					"@executable_path/Frameworks",
				);
				MARKETING_VERSION = 1.0;
				PRODUCT_BUNDLE_IDENTIFIER = com.codepath.Fashiondr;
				PRODUCT_NAME = "$(TARGET_NAME)";
				SWIFT_EMIT_LOC_STRINGS = YES;
				SWIFT_VERSION = 5.0;
				TARGETED_DEVICE_FAMILY = "1,2";
			};
			name = Release;
		};
		510AA5E72803CAC30044AE95 /* Debug */ = {
			isa = XCBuildConfiguration;
			baseConfigurationReference = 153FF02225F13949CAD827BE /* Pods-FashiondrTests.debug.xcconfig */;
			buildSettings = {
				ALWAYS_EMBED_SWIFT_STANDARD_LIBRARIES = YES;
				BUNDLE_LOADER = "$(TEST_HOST)";
				CODE_SIGN_STYLE = Automatic;
				CURRENT_PROJECT_VERSION = 1;
				DEVELOPMENT_TEAM = QPZRHW475F;
				GENERATE_INFOPLIST_FILE = YES;
				IPHONEOS_DEPLOYMENT_TARGET = 15.2;
				MARKETING_VERSION = 1.0;
				PRODUCT_BUNDLE_IDENTIFIER = com.codepath.FashiondrTests;
				PRODUCT_NAME = "$(TARGET_NAME)";
				SWIFT_EMIT_LOC_STRINGS = NO;
				SWIFT_VERSION = 5.0;
				TARGETED_DEVICE_FAMILY = "1,2";
				TEST_HOST = "$(BUILT_PRODUCTS_DIR)/Fashiondr.app/Fashiondr";
			};
			name = Debug;
		};
		510AA5E82803CAC30044AE95 /* Release */ = {
			isa = XCBuildConfiguration;
			baseConfigurationReference = C857805D7286C0B977244619 /* Pods-FashiondrTests.release.xcconfig */;
			buildSettings = {
				ALWAYS_EMBED_SWIFT_STANDARD_LIBRARIES = YES;
				BUNDLE_LOADER = "$(TEST_HOST)";
				CODE_SIGN_STYLE = Automatic;
				CURRENT_PROJECT_VERSION = 1;
				DEVELOPMENT_TEAM = QPZRHW475F;
				GENERATE_INFOPLIST_FILE = YES;
				IPHONEOS_DEPLOYMENT_TARGET = 15.2;
				MARKETING_VERSION = 1.0;
				PRODUCT_BUNDLE_IDENTIFIER = com.codepath.FashiondrTests;
				PRODUCT_NAME = "$(TARGET_NAME)";
				SWIFT_EMIT_LOC_STRINGS = NO;
				SWIFT_VERSION = 5.0;
				TARGETED_DEVICE_FAMILY = "1,2";
				TEST_HOST = "$(BUILT_PRODUCTS_DIR)/Fashiondr.app/Fashiondr";
			};
			name = Release;
		};
		510AA5EA2803CAC30044AE95 /* Debug */ = {
			isa = XCBuildConfiguration;
			baseConfigurationReference = 6188AD1190B6644BB1C58265 /* Pods-Fashiondr-FashiondrUITests.debug.xcconfig */;
			buildSettings = {
				ALWAYS_EMBED_SWIFT_STANDARD_LIBRARIES = YES;
				CODE_SIGN_STYLE = Automatic;
				CURRENT_PROJECT_VERSION = 1;
				DEVELOPMENT_TEAM = QPZRHW475F;
				GENERATE_INFOPLIST_FILE = YES;
				MARKETING_VERSION = 1.0;
				PRODUCT_BUNDLE_IDENTIFIER = com.codepath.FashiondrUITests;
				PRODUCT_NAME = "$(TARGET_NAME)";
				SWIFT_EMIT_LOC_STRINGS = NO;
				SWIFT_VERSION = 5.0;
				TARGETED_DEVICE_FAMILY = "1,2";
				TEST_TARGET_NAME = Fashiondr;
			};
			name = Debug;
		};
		510AA5EB2803CAC30044AE95 /* Release */ = {
			isa = XCBuildConfiguration;
			baseConfigurationReference = 93BC36DA36549D05D5EF47BF /* Pods-Fashiondr-FashiondrUITests.release.xcconfig */;
			buildSettings = {
				ALWAYS_EMBED_SWIFT_STANDARD_LIBRARIES = YES;
				CODE_SIGN_STYLE = Automatic;
				CURRENT_PROJECT_VERSION = 1;
				DEVELOPMENT_TEAM = QPZRHW475F;
				GENERATE_INFOPLIST_FILE = YES;
				MARKETING_VERSION = 1.0;
				PRODUCT_BUNDLE_IDENTIFIER = com.codepath.FashiondrUITests;
				PRODUCT_NAME = "$(TARGET_NAME)";
				SWIFT_EMIT_LOC_STRINGS = NO;
				SWIFT_VERSION = 5.0;
				TARGETED_DEVICE_FAMILY = "1,2";
				TEST_TARGET_NAME = Fashiondr;
			};
			name = Release;
		};
/* End XCBuildConfiguration section */

/* Begin XCConfigurationList section */
		510AA5B42803CAC10044AE95 /* Build configuration list for PBXProject "Fashiondr" */ = {
			isa = XCConfigurationList;
			buildConfigurations = (
				510AA5E12803CAC30044AE95 /* Debug */,
				510AA5E22803CAC30044AE95 /* Release */,
			);
			defaultConfigurationIsVisible = 0;
			defaultConfigurationName = Release;
		};
		510AA5E32803CAC30044AE95 /* Build configuration list for PBXNativeTarget "Fashiondr" */ = {
			isa = XCConfigurationList;
			buildConfigurations = (
				510AA5E42803CAC30044AE95 /* Debug */,
				510AA5E52803CAC30044AE95 /* Release */,
			);
			defaultConfigurationIsVisible = 0;
			defaultConfigurationName = Release;
		};
		510AA5E62803CAC30044AE95 /* Build configuration list for PBXNativeTarget "FashiondrTests" */ = {
			isa = XCConfigurationList;
			buildConfigurations = (
				510AA5E72803CAC30044AE95 /* Debug */,
				510AA5E82803CAC30044AE95 /* Release */,
			);
			defaultConfigurationIsVisible = 0;
			defaultConfigurationName = Release;
		};
		510AA5E92803CAC30044AE95 /* Build configuration list for PBXNativeTarget "FashiondrUITests" */ = {
			isa = XCConfigurationList;
			buildConfigurations = (
				510AA5EA2803CAC30044AE95 /* Debug */,
				510AA5EB2803CAC30044AE95 /* Release */,
			);
			defaultConfigurationIsVisible = 0;
			defaultConfigurationName = Release;
		};
/* End XCConfigurationList section */
	};
	rootObject = 510AA5B12803CAC10044AE95 /* Project object */;
}
